
Microsoft Visual Studio Solution File, Format Version 12.00
# Visual Studio Version 16
VisualStudioVersion = 16.0.30204.135
MinimumVisualStudioVersion = 10.0.40219.1
Project("{FAE04EC0-301F-11D3-BF4B-00C04F79EFBC}") = "Лаб4", "Лаб4\Лаб4.csproj", "{3AC46B67-69A1-430A-B1B1-6E759C02CCCA}"
EndProject
Global
	GlobalSection(SolutionConfigurationPlatforms) = preSolution
		Debug|Any CPU = Debug|Any CPU
		Release|Any CPU = Release|Any CPU
	EndGlobalSection
	GlobalSection(ProjectConfigurationPlatforms) = postSolution
		{3AC46B67-69A1-430A-B1B1-6E759C02CCCA}.Debug|Any CPU.ActiveCfg = Debug|Any CPU
		{3AC46B67-69A1-430A-B1B1-6E759C02CCCA}.Debug|Any CPU.Build.0 = Debug|Any CPU
		{3AC46B67-69A1-430A-B1B1-6E759C02CCCA}.Release|Any CPU.ActiveCfg = Release|Any CPU
		{3AC46B67-69A1-430A-B1B1-6E759C02CCCA}.Release|Any CPU.Build.0 = Release|Any CPU
	EndGlobalSection
	GlobalSection(SolutionProperties) = preSolution
		HideSolutionNode = FALSE
	EndGlobalSection
	GlobalSection(ExtensibilityGlobals) = postSolution
		SolutionGuid = {F0DB172E-1799-400B-81CD-BAB1C36318BC}
	EndGlobalSection
EndGlobal
